
Microsoft Visual Studio Solution File, Format Version 12.00
# Visual Studio 15
VisualStudioVersion = 15.0.28307.271
MinimumVisualStudioVersion = 10.0.40219.1
Project("{FAE04EC0-301F-11D3-BF4B-00C04F79EFBC}") = "webtoys", "webtoys\webtoys.csproj", "{8ACB6DF3-CEA3-47EF-805B-1B2B3B51345D}"
EndProject
Global
	GlobalSection(SolutionConfigurationPlatforms) = preSolution
		Debug|Any CPU = Debug|Any CPU
		Release|Any CPU = Release|Any CPU
	EndGlobalSection
	GlobalSection(ProjectConfigurationPlatforms) = postSolution
		{8ACB6DF3-CEA3-47EF-805B-1B2B3B51345D}.Debug|Any CPU.ActiveCfg = Debug|Any CPU
		{8ACB6DF3-CEA3-47EF-805B-1B2B3B51345D}.Debug|Any CPU.Build.0 = Debug|Any CPU
		{8ACB6DF3-CEA3-47EF-805B-1B2B3B51345D}.Release|Any CPU.ActiveCfg = Release|Any CPU
		{8ACB6DF3-CEA3-47EF-805B-1B2B3B51345D}.Release|Any CPU.Build.0 = Release|Any CPU
	EndGlobalSection
	GlobalSection(SolutionProperties) = preSolution
		HideSolutionNode = FALSE
	EndGlobalSection
	GlobalSection(ExtensibilityGlobals) = postSolution
		SolutionGuid = {18A8554C-DFCF-4755-885F-57FA4EC8C32E}
	EndGlobalSection
EndGlobal
